<?xml version="1.0" encoding="UTF-8"?>
<Scheme
   LastUpgradeVersion = "1430"
   version = "1.7">
   <BuildAction
      parallelizeBuildables = "YES"
      buildImplicitDependencies = "YES">
      <BuildActionEntries>
         <BuildActionEntry
            buildForTesting = "YES"
            buildForRunning = "YES"
            buildForProfiling = "YES"
            buildForArchiving = "YES"
            buildForAnalyzing = "YES">
            <BuildableReference
               BuildableIdentifier = "primary"
               BlueprintIdentifier = "0430169229F68B6B005AFDA1"
               BuildableName = "AFL3-Dave Nathaniel Yoseph-0706012110042.app"
               BlueprintName = "AFL3-Dave Nathaniel Yoseph-0706012110042"
               ReferencedContainer = "container:AFL3-Dave Nathaniel Yoseph-0706012110042.xcodeproj">
            </BuildableReference>
         </BuildActionEntry>
      </BuildActionEntries>
   </BuildAction>
   <TestAction
      buildConfiguration = "Debug"
      selectedDebuggerIdentifier = "Xcode.DebuggerFoundation.Debugger.LLDB"
      selectedLauncherIdentifier = "Xcode.DebuggerFoundation.Launcher.LLDB"
      shouldUseLaunchSchemeArgsEnv = "YES"
      shouldAutocreateTestPlan = "YES">
      <Testables>
         <TestableReference
            skipped = "NO"
            parallelizable = "YES">
            <BuildableReference
               BuildableIdentifier = "primary"
               BlueprintIdentifier = "043016A229F68B6C005AFDA1"
               BuildableName = "AFL3-Dave Nathaniel Yoseph-0706012110042Tests.xctest"
               BlueprintName = "AFL3-Dave Nathaniel Yoseph-0706012110042Tests"
               ReferencedContainer = "container:AFL3-Dave Nathaniel Yoseph-0706012110042.xcodeproj">
            </BuildableReference>
         </TestableReference>
         <TestableReference
            skipped = "NO"
            parallelizable = "YES">
            <BuildableReference
               BuildableIdentifier = "primary"
               BlueprintIdentifier = "043016AC29F68B6C005AFDA1"
               BuildableName = "AFL3-Dave Nathaniel Yoseph-0706012110042UITests.xctest"
               BlueprintName = "AFL3-Dave Nathaniel Yoseph-0706012110042UITests"
               ReferencedContainer = "container:AFL3-Dave Nathaniel Yoseph-0706012110042.xcodeproj">
            </BuildableReference>
         </TestableReference>
      </Testables>
   </TestAction>
   <LaunchAction
      buildConfiguration = "Debug"
      selectedDebuggerIdentifier = "Xcode.DebuggerFoundation.Debugger.LLDB"
      selectedLauncherIdentifier = "Xcode.DebuggerFoundation.Launcher.LLDB"
      launchStyle = "0"
      useCustomWorkingDirectory = "NO"
      ignoresPersistentStateOnLaunch = "NO"
      debugDocumentVersioning = "YES"
      debugServiceExtension = "internal"
      allowLocationSimulation = "YES">
      <BuildableProductRunnable
         runnableDebuggingMode = "0">
         <BuildableReference
            BuildableIdentifier = "primary"
            BlueprintIdentifier = "0430169229F68B6B005AFDA1"
            BuildableName = "AFL3-Dave Nathaniel Yoseph-0706012110042.app"
            BlueprintName = "AFL3-Dave Nathaniel Yoseph-0706012110042"
            ReferencedContainer = "container:AFL3-Dave Nathaniel Yoseph-0706012110042.xcodeproj">
         </BuildableReference>
      </BuildableProductRunnable>
   </LaunchAction>
   <ProfileAction
      buildConfiguration = "Release"
      shouldUseLaunchSchemeArgsEnv = "YES"
      savedToolIdentifier = ""
      useCustomWorkingDirectory = "NO"
      debugDocumentVersioning = "YES">
      <BuildableProductRunnable
         runnableDebuggingMode = "0">
         <BuildableReference
            BuildableIdentifier = "primary"
            BlueprintIdentifier = "0430169229F68B6B005AFDA1"
            BuildableName = "AFL3-Dave Nathaniel Yoseph-0706012110042.app"
            BlueprintName = "AFL3-Dave Nathaniel Yoseph-0706012110042"
            ReferencedContainer = "container:AFL3-Dave Nathaniel Yoseph-0706012110042.xcodeproj">
         </BuildableReference>
      </BuildableProductRunnable>
   </ProfileAction>
   <AnalyzeAction
      buildConfiguration = "Debug">
   </AnalyzeAction>
   <ArchiveAction
      buildConfiguration = "Release"
      revealArchiveInOrganizer = "YES">
   </ArchiveAction>
</Scheme>
